
Microsoft Visual Studio Solution File, Format Version 12.00
# Visual Studio 15
Project("{FAE04EC0-301F-11D3-BF4B-00C04F79EFBC}") = "Assembly-CSharp", "Assembly-CSharp.csproj", "{20FF99CF-B730-8DFF-B5CD-12CFB54BEAE9}"
EndProject
Project("{FAE04EC0-301F-11D3-BF4B-00C04F79EFBC}") = "Assembly-CSharp-Editor", "Assembly-CSharp-Editor.csproj", "{4318EBB6-8DE5-0A2C-4B0F-E43B3EE4FFDD}"
EndProject
Global
	GlobalSection(SolutionConfigurationPlatforms) = preSolution
		Debug|Any CPU = Debug|Any CPU
		Release|Any CPU = Release|Any CPU
	EndGlobalSection
	GlobalSection(ProjectConfigurationPlatforms) = postSolution
		{20FF99CF-B730-8DFF-B5CD-12CFB54BEAE9}.Debug|Any CPU.ActiveCfg = Debug|Any CPU
		{20FF99CF-B730-8DFF-B5CD-12CFB54BEAE9}.Debug|Any CPU.Build.0 = Debug|Any CPU
		{20FF99CF-B730-8DFF-B5CD-12CFB54BEAE9}.Release|Any CPU.ActiveCfg = Release|Any CPU
		{20FF99CF-B730-8DFF-B5CD-12CFB54BEAE9}.Release|Any CPU.Build.0 = Release|Any CPU
		{4318EBB6-8DE5-0A2C-4B0F-E43B3EE4FFDD}.Debug|Any CPU.ActiveCfg = Debug|Any CPU
		{4318EBB6-8DE5-0A2C-4B0F-E43B3EE4FFDD}.Debug|Any CPU.Build.0 = Debug|Any CPU
		{4318EBB6-8DE5-0A2C-4B0F-E43B3EE4FFDD}.Release|Any CPU.ActiveCfg = Release|Any CPU
		{4318EBB6-8DE5-0A2C-4B0F-E43B3EE4FFDD}.Release|Any CPU.Build.0 = Release|Any CPU
	EndGlobalSection
	GlobalSection(SolutionProperties) = preSolution
		HideSolutionNode = FALSE
	EndGlobalSection
	GlobalSection(MonoDevelopProperties) = preSolution
		StartupItem = Assembly-CSharp.csproj
	EndGlobalSection
EndGlobal
